
Microsoft Visual Studio Solution File, Format Version 12.00
# Visual Studio 15
VisualStudioVersion = 15.0.27130.2036
MinimumVisualStudioVersion = 10.0.40219.1
Project("{FAE04EC0-301F-11D3-BF4B-00C04F79EFBC}") = "LWS", "LWS\LWS.csproj", "{64E7CAB9-E0D7-4396-A126-1E2320E5AB7F}"
EndProject
Project("{8BC9CEB8-8B4A-11D0-8D11-00A0C91BC942}") = "HSP_rnd", "HSPrnd\HSPrnd.vcxproj", "{25663218-F94F-4E7B-A9E3-1DC59D17B429}"
EndProject
Global
	GlobalSection(SolutionConfigurationPlatforms) = preSolution
		Debug|Any CPU = Debug|Any CPU
		Debug|x64 = Debug|x64
		Debug|x86 = Debug|x86
		Release|Any CPU = Release|Any CPU
		Release|x64 = Release|x64
		Release|x86 = Release|x86
	EndGlobalSection
	GlobalSection(ProjectConfigurationPlatforms) = postSolution
		{64E7CAB9-E0D7-4396-A126-1E2320E5AB7F}.Debug|Any CPU.ActiveCfg = Debug|Any CPU
		{64E7CAB9-E0D7-4396-A126-1E2320E5AB7F}.Debug|Any CPU.Build.0 = Debug|Any CPU
		{64E7CAB9-E0D7-4396-A126-1E2320E5AB7F}.Debug|x64.ActiveCfg = Debug|Any CPU
		{64E7CAB9-E0D7-4396-A126-1E2320E5AB7F}.Debug|x64.Build.0 = Debug|Any CPU
		{64E7CAB9-E0D7-4396-A126-1E2320E5AB7F}.Debug|x86.ActiveCfg = Debug|Any CPU
		{64E7CAB9-E0D7-4396-A126-1E2320E5AB7F}.Debug|x86.Build.0 = Debug|Any CPU
		{64E7CAB9-E0D7-4396-A126-1E2320E5AB7F}.Release|Any CPU.ActiveCfg = Release|Any CPU
		{64E7CAB9-E0D7-4396-A126-1E2320E5AB7F}.Release|Any CPU.Build.0 = Release|Any CPU
		{64E7CAB9-E0D7-4396-A126-1E2320E5AB7F}.Release|x64.ActiveCfg = Release|Any CPU
		{64E7CAB9-E0D7-4396-A126-1E2320E5AB7F}.Release|x64.Build.0 = Release|Any CPU
		{64E7CAB9-E0D7-4396-A126-1E2320E5AB7F}.Release|x86.ActiveCfg = Release|Any CPU
		{64E7CAB9-E0D7-4396-A126-1E2320E5AB7F}.Release|x86.Build.0 = Release|Any CPU
		{25663218-F94F-4E7B-A9E3-1DC59D17B429}.Debug|Any CPU.ActiveCfg = Debug|Win32
		{25663218-F94F-4E7B-A9E3-1DC59D17B429}.Debug|x64.ActiveCfg = Debug|x64
		{25663218-F94F-4E7B-A9E3-1DC59D17B429}.Debug|x64.Build.0 = Debug|x64
		{25663218-F94F-4E7B-A9E3-1DC59D17B429}.Debug|x86.ActiveCfg = Debug|Win32
		{25663218-F94F-4E7B-A9E3-1DC59D17B429}.Debug|x86.Build.0 = Debug|Win32
		{25663218-F94F-4E7B-A9E3-1DC59D17B429}.Release|Any CPU.ActiveCfg = Release|Win32
		{25663218-F94F-4E7B-A9E3-1DC59D17B429}.Release|x64.ActiveCfg = Release|x64
		{25663218-F94F-4E7B-A9E3-1DC59D17B429}.Release|x64.Build.0 = Release|x64
		{25663218-F94F-4E7B-A9E3-1DC59D17B429}.Release|x86.ActiveCfg = Release|Win32
		{25663218-F94F-4E7B-A9E3-1DC59D17B429}.Release|x86.Build.0 = Release|Win32
	EndGlobalSection
	GlobalSection(SolutionProperties) = preSolution
		HideSolutionNode = FALSE
	EndGlobalSection
	GlobalSection(ExtensibilityGlobals) = postSolution
		SolutionGuid = {4E7BE61D-DAC2-48F8-94C0-92C4DA5FA549}
	EndGlobalSection
EndGlobal
